
Microsoft Visual Studio Solution File, Format Version 12.00
Project("{FAE04EC0-301F-11D3-BF4B-00C04F79EFBC}") = "AsyncScheduler", "AsyncScheduler\AsyncScheduler.csproj", "{2AF1A1DE-AD00-4485-A110-8FAA466A33CA}"
EndProject
Project("{FAE04EC0-301F-11D3-BF4B-00C04F79EFBC}") = "ConsoleExample", "ConsoleExample\ConsoleExample.csproj", "{2FC9B0F0-54D0-49CE-B62A-F7A1146D368F}"
EndProject
Global
	GlobalSection(SolutionConfigurationPlatforms) = preSolution
		Debug|Any CPU = Debug|Any CPU
		Release|Any CPU = Release|Any CPU
	EndGlobalSection
	GlobalSection(ProjectConfigurationPlatforms) = postSolution
		{2AF1A1DE-AD00-4485-A110-8FAA466A33CA}.Debug|Any CPU.ActiveCfg = Debug|Any CPU
		{2AF1A1DE-AD00-4485-A110-8FAA466A33CA}.Debug|Any CPU.Build.0 = Debug|Any CPU
		{2AF1A1DE-AD00-4485-A110-8FAA466A33CA}.Release|Any CPU.ActiveCfg = Release|Any CPU
		{2AF1A1DE-AD00-4485-A110-8FAA466A33CA}.Release|Any CPU.Build.0 = Release|Any CPU
		{2FC9B0F0-54D0-49CE-B62A-F7A1146D368F}.Debug|Any CPU.ActiveCfg = Debug|Any CPU
		{2FC9B0F0-54D0-49CE-B62A-F7A1146D368F}.Debug|Any CPU.Build.0 = Debug|Any CPU
		{2FC9B0F0-54D0-49CE-B62A-F7A1146D368F}.Release|Any CPU.ActiveCfg = Release|Any CPU
		{2FC9B0F0-54D0-49CE-B62A-F7A1146D368F}.Release|Any CPU.Build.0 = Release|Any CPU
	EndGlobalSection
EndGlobal
